{
  "requires": true,
  "lockfileVersion": 1,
  "dependencies": {
    "@afeefa/api-resources-client": {
      "version": "0.0.12",
      "resolved": "https://registry.npmjs.org/@afeefa/api-resources-client/-/api-resources-client-0.0.12.tgz",
      "integrity": "sha512-PKuqB/h/zab367nk/lbEpcItHG7RAOC1JEklnt/uo0GQMuzOAzfXu2A5fo8Gp281dPLmJ6lZ9iVfHjn0/dQOfQ=="
    }
  }
}
